
Microsoft Visual Studio Solution File, Format Version 12.00
# Visual Studio 15
VisualStudioVersion = 15.0.28307.489
MinimumVisualStudioVersion = 10.0.40219.1
Project("{FAE04EC0-301F-11D3-BF4B-00C04F79EFBC}") = "CI_CD_WebApp", "CI_CD_WebApp\CI_CD_WebApp.csproj", "{09D8A602-F4D6-47B9-AB74-F1E0051594EB}"
EndProject
Global
	GlobalSection(SolutionConfigurationPlatforms) = preSolution
		Debug|Any CPU = Debug|Any CPU
		Release|Any CPU = Release|Any CPU
	EndGlobalSection
	GlobalSection(ProjectConfigurationPlatforms) = postSolution
		{09D8A602-F4D6-47B9-AB74-F1E0051594EB}.Debug|Any CPU.ActiveCfg = Debug|Any CPU
		{09D8A602-F4D6-47B9-AB74-F1E0051594EB}.Debug|Any CPU.Build.0 = Debug|Any CPU
		{09D8A602-F4D6-47B9-AB74-F1E0051594EB}.Release|Any CPU.ActiveCfg = Release|Any CPU
		{09D8A602-F4D6-47B9-AB74-F1E0051594EB}.Release|Any CPU.Build.0 = Release|Any CPU
	EndGlobalSection
	GlobalSection(SolutionProperties) = preSolution
		HideSolutionNode = FALSE
	EndGlobalSection
	GlobalSection(ExtensibilityGlobals) = postSolution
		SolutionGuid = {935E7537-281F-4137-AD32-EFDB4D7A5215}
	EndGlobalSection
EndGlobal
